// !$*UTF8*$!
{
	archiveVersion = 1;
	classes = {
	};
	objectVersion = 46;
	objects = {

/* Begin PBXBuildFile section */
		C4197E371B9CE06000064507 /* SLVConstructionPopupViewController.m in Sources */ = {isa = PBXBuildFile; fileRef = C4197E351B9CE06000064507 /* SLVConstructionPopupViewController.m */; };
		C4197E381B9CE06000064507 /* SLVConstructionPopupViewController.xib in Resources */ = {isa = PBXBuildFile; fileRef = C4197E361B9CE06000064507 /* SLVConstructionPopupViewController.xib */; };
		C42C8E9A1B8888EF0079D734 /* Assets in Resources */ = {isa = PBXBuildFile; fileRef = C42C8E981B887C3A0079D734 /* Assets */; };
		C44224E91B5BE7D600389210 /* main.m in Sources */ = {isa = PBXBuildFile; fileRef = C44224E81B5BE7D600389210 /* main.m */; };
		C44224EC1B5BE7D600389210 /* AppDelegate.m in Sources */ = {isa = PBXBuildFile; fileRef = C44224EB1B5BE7D600389210 /* AppDelegate.m */; };
		C44224F41B5BE7D600389210 /* Images.xcassets in Resources */ = {isa = PBXBuildFile; fileRef = C44224F31B5BE7D600389210 /* Images.xcassets */; };
		C44224F71B5BE7D600389210 /* LaunchScreen.xib in Resources */ = {isa = PBXBuildFile; fileRef = C44224F51B5BE7D600389210 /* LaunchScreen.xib */; };
		C44225031B5BE7D600389210 /* SloveTests.m in Sources */ = {isa = PBXBuildFile; fileRef = C44225021B5BE7D600389210 /* SloveTests.m */; };
		C442251D1B5BF12800389210 /* SLVTools.m in Sources */ = {isa = PBXBuildFile; fileRef = C442251C1B5BF12800389210 /* SLVTools.m */; };
		C44225211B5BF20A00389210 /* NSString+Tools.m in Sources */ = {isa = PBXBuildFile; fileRef = C44225201B5BF20A00389210 /* NSString+Tools.m */; };
		C44225251B5BF5C900389210 /* SLVNavigationController.m in Sources */ = {isa = PBXBuildFile; fileRef = C44225231B5BF5C900389210 /* SLVNavigationController.m */; };
		C442252A1B5BF5DB00389210 /* SLVViewController.m in Sources */ = {isa = PBXBuildFile; fileRef = C44225281B5BF5DB00389210 /* SLVViewController.m */; };
		C442252B1B5BF5DB00389210 /* SLVViewController.xib in Resources */ = {isa = PBXBuildFile; fileRef = C44225291B5BF5DB00389210 /* SLVViewController.xib */; };
		C44225301B5BF76100389210 /* SLVConnectionViewController.m in Sources */ = {isa = PBXBuildFile; fileRef = C442252E1B5BF76100389210 /* SLVConnectionViewController.m */; };
		C44225311B5BF76100389210 /* SLVConnectionViewController.xib in Resources */ = {isa = PBXBuildFile; fileRef = C442252F1B5BF76100389210 /* SLVConnectionViewController.xib */; };
		C44D55401B9B3EB200763F0E /* SLVCodeField.m in Sources */ = {isa = PBXBuildFile; fileRef = C44D553F1B9B3EB200763F0E /* SLVCodeField.m */; };
		C44DCC941B682086009BDAB2 /* SLVContact.m in Sources */ = {isa = PBXBuildFile; fileRef = C44DCC931B682086009BDAB2 /* SLVContact.m */; };
		C44DCC981B682C11009BDAB2 /* SLVContactTableViewCell.m in Sources */ = {isa = PBXBuildFile; fileRef = C44DCC961B682C11009BDAB2 /* SLVContactTableViewCell.m */; };
		C44DCC991B682C11009BDAB2 /* SLVContactTableViewCell.xib in Resources */ = {isa = PBXBuildFile; fileRef = C44DCC971B682C11009BDAB2 /* SLVContactTableViewCell.xib */; };
		C44EB1A51B7D46CF001DC989 /* SLVSlovedPopupViewController.m in Sources */ = {isa = PBXBuildFile; fileRef = C44EB1A31B7D46CF001DC989 /* SLVSlovedPopupViewController.m */; };
		C44EB1A61B7D46CF001DC989 /* SLVSlovedPopupViewController.xib in Resources */ = {isa = PBXBuildFile; fileRef = C44EB1A41B7D46CF001DC989 /* SLVSlovedPopupViewController.xib */; };
		C458F6FC1B6A320E0075B8EF /* Localizable.strings in Resources */ = {isa = PBXBuildFile; fileRef = C458F6FE1B6A320E0075B8EF /* Localizable.strings */; };
		C458F70E1B6BD7B20075B8EF /* AVFoundation.framework in Frameworks */ = {isa = PBXBuildFile; fileRef = C458F70D1B6BD7B20075B8EF /* AVFoundation.framework */; };
		C469805E1BAD7B6100F90477 /* illu_spashscreen.png in Resources */ = {isa = PBXBuildFile; fileRef = C469805B1BAD7B6100F90477 /* illu_spashscreen.png */; settings = {ASSET_TAGS = (); }; };
		C469805F1BAD7B6100F90477 /* illu_spashscreen@2x.png in Resources */ = {isa = PBXBuildFile; fileRef = C469805C1BAD7B6100F90477 /* illu_spashscreen@2x.png */; settings = {ASSET_TAGS = (); }; };
		C46980601BAD7B6100F90477 /* illu_spashscreen@3x.png in Resources */ = {isa = PBXBuildFile; fileRef = C469805D1BAD7B6100F90477 /* illu_spashscreen@3x.png */; settings = {ASSET_TAGS = (); }; };
		C46980631BADA52200F90477 /* UIView+Animation.m in Sources */ = {isa = PBXBuildFile; fileRef = C46980621BADA52200F90477 /* UIView+Animation.m */; settings = {ASSET_TAGS = (); }; };
		C46E645C1B9FA4C00079A600 /* GoogleService-Info.plist in Resources */ = {isa = PBXBuildFile; fileRef = C46E645B1B9FA4C00079A600 /* GoogleService-Info.plist */; };
		C498E82E1B640F8E002B0A4E /* SLVRegisterViewController.m in Sources */ = {isa = PBXBuildFile; fileRef = C498E82C1B640F8E002B0A4E /* SLVRegisterViewController.m */; };
		C498E82F1B640F8E002B0A4E /* SLVRegisterViewController.xib in Resources */ = {isa = PBXBuildFile; fileRef = C498E82D1B640F8E002B0A4E /* SLVRegisterViewController.xib */; };
		C498E8321B64F1FE002B0A4E /* ParseErrorHandlingController.m in Sources */ = {isa = PBXBuildFile; fileRef = C498E8311B64F1FE002B0A4E /* ParseErrorHandlingController.m */; };
		C498E83B1B64F2C8002B0A4E /* SLVLogInViewController.m in Sources */ = {isa = PBXBuildFile; fileRef = C498E8391B64F2C8002B0A4E /* SLVLogInViewController.m */; };
		C498E83C1B64F2C8002B0A4E /* SLVLogInViewController.xib in Resources */ = {isa = PBXBuildFile; fileRef = C498E83A1B64F2C8002B0A4E /* SLVLogInViewController.xib */; };
		C49A82371B639DF60061BA1B /* SLVUsernameViewController.m in Sources */ = {isa = PBXBuildFile; fileRef = C49A82351B639DF60061BA1B /* SLVUsernameViewController.m */; };
		C49A82381B639DF60061BA1B /* SLVUsernameViewController.xib in Resources */ = {isa = PBXBuildFile; fileRef = C49A82361B639DF60061BA1B /* SLVUsernameViewController.xib */; };
		C49FA8BF1B6D4193009288B9 /* SLVAddressBookContact.m in Sources */ = {isa = PBXBuildFile; fileRef = C49FA8BE1B6D4193009288B9 /* SLVAddressBookContact.m */; };
		C49FA8C21B6EB1B6009288B9 /* SLVCountryCodeData.m in Sources */ = {isa = PBXBuildFile; fileRef = C49FA8C11B6EB1B6009288B9 /* SLVCountryCodeData.m */; };
		C49FA8C41B6EB5A4009288B9 /* CoreTelephony.framework in Frameworks */ = {isa = PBXBuildFile; fileRef = C49FA8C31B6EB5A4009288B9 /* CoreTelephony.framework */; };
		C4A07C961BA60261009C6288 /* Reachability.m in Sources */ = {isa = PBXBuildFile; fileRef = C4A07C951BA60261009C6288 /* Reachability.m */; };
		C4A2488F1B81130A004B9D43 /* SLVInteractionPopupViewController.m in Sources */ = {isa = PBXBuildFile; fileRef = C4A2488D1B81130A004B9D43 /* SLVInteractionPopupViewController.m */; };
		C4A248901B81130A004B9D43 /* SLVInteractionPopupViewController.xib in Resources */ = {isa = PBXBuildFile; fileRef = C4A2488E1B81130A004B9D43 /* SLVInteractionPopupViewController.xib */; };
		C4A248951B8117ED004B9D43 /* SLVPopupViewController.m in Sources */ = {isa = PBXBuildFile; fileRef = C4A248931B8117ED004B9D43 /* SLVPopupViewController.m */; };
		C4A48D9B1B6149EC00CEBA25 /* SLVHomeViewController.m in Sources */ = {isa = PBXBuildFile; fileRef = C4A48D991B6149EC00CEBA25 /* SLVHomeViewController.m */; };
		C4A48D9C1B6149EC00CEBA25 /* SLVHomeViewController.xib in Resources */ = {isa = PBXBuildFile; fileRef = C4A48D9A1B6149EC00CEBA25 /* SLVHomeViewController.xib */; };
		C4A48D9F1B61505300CEBA25 /* SLVLogger.m in Sources */ = {isa = PBXBuildFile; fileRef = C4A48D9E1B61505300CEBA25 /* SLVLogger.m */; };
		C4A48DA31B61519000CEBA25 /* SLVPhoneNumberViewController.m in Sources */ = {isa = PBXBuildFile; fileRef = C4A48DA11B61519000CEBA25 /* SLVPhoneNumberViewController.m */; };
		C4A48DA41B61519000CEBA25 /* SLVPhoneNumberViewController.xib in Resources */ = {isa = PBXBuildFile; fileRef = C4A48DA21B61519000CEBA25 /* SLVPhoneNumberViewController.xib */; };
		C4A48DA81B61531A00CEBA25 /* SLVConfirmationCodeViewController.m in Sources */ = {isa = PBXBuildFile; fileRef = C4A48DA61B61531A00CEBA25 /* SLVConfirmationCodeViewController.m */; };
		C4A48DA91B61531A00CEBA25 /* SLVConfirmationCodeViewController.xib in Resources */ = {isa = PBXBuildFile; fileRef = C4A48DA71B61531A00CEBA25 /* SLVConfirmationCodeViewController.xib */; };
		C4A48DAD1B61552F00CEBA25 /* SLVNetworking.m in Sources */ = {isa = PBXBuildFile; fileRef = C4A48DAC1B61552F00CEBA25 /* SLVNetworking.m */; };
		C4A48DB51B61575100CEBA25 /* TimeoutAFHTTPRequestSerializer.m in Sources */ = {isa = PBXBuildFile; fileRef = C4A48DB41B61575100CEBA25 /* TimeoutAFHTTPRequestSerializer.m */; };
		C4A48DBB1B62C73B00CEBA25 /* SLVRoute.m in Sources */ = {isa = PBXBuildFile; fileRef = C4A48DBA1B62C73B00CEBA25 /* SLVRoute.m */; };
		C4A870B51B72C721000A5510 /* SLVFacebookFriend.m in Sources */ = {isa = PBXBuildFile; fileRef = C4A870B41B72C721000A5510 /* SLVFacebookFriend.m */; };
		C4C6446A1B9A4D7F0065B2BC /* Nunito-Bold.ttf in Resources */ = {isa = PBXBuildFile; fileRef = C4C644671B9A4D7F0065B2BC /* Nunito-Bold.ttf */; };
		C4C6446B1B9A4D7F0065B2BC /* Nunito-Light.ttf in Resources */ = {isa = PBXBuildFile; fileRef = C4C644681B9A4D7F0065B2BC /* Nunito-Light.ttf */; };
		C4C6446C1B9A4D7F0065B2BC /* Nunito-Regular.ttf in Resources */ = {isa = PBXBuildFile; fileRef = C4C644691B9A4D7F0065B2BC /* Nunito-Regular.ttf */; };
		C4C644741B9AF72F0065B2BC /* SLVTextField.m in Sources */ = {isa = PBXBuildFile; fileRef = C4C644731B9AF72F0065B2BC /* SLVTextField.m */; };
		C4C9274D1B66ABC4000ABA7A /* SLVFacebookInviteViewController.m in Sources */ = {isa = PBXBuildFile; fileRef = C4C9274B1B66ABC4000ABA7A /* SLVFacebookInviteViewController.m */; };
		C4C9274E1B66ABC4000ABA7A /* SLVFacebookInviteViewController.xib in Resources */ = {isa = PBXBuildFile; fileRef = C4C9274C1B66ABC4000ABA7A /* SLVFacebookInviteViewController.xib */; };
		C4E9C0F21B9641730071C084 /* SLVSloveSentPopupViewController.m in Sources */ = {isa = PBXBuildFile; fileRef = C4E9C0F01B9641730071C084 /* SLVSloveSentPopupViewController.m */; };
		C4E9C0F31B9641730071C084 /* SLVSloveSentPopupViewController.xib in Resources */ = {isa = PBXBuildFile; fileRef = C4E9C0F11B9641730071C084 /* SLVSloveSentPopupViewController.xib */; };
		C4E9C0FA1B96494E0071C084 /* AveriaSansLibre-Bold.ttf in Resources */ = {isa = PBXBuildFile; fileRef = C4E9C0F41B96494E0071C084 /* AveriaSansLibre-Bold.ttf */; };
		C4E9C0FB1B96494E0071C084 /* AveriaSansLibre-BoldItalic.ttf in Resources */ = {isa = PBXBuildFile; fileRef = C4E9C0F51B96494E0071C084 /* AveriaSansLibre-BoldItalic.ttf */; };
		C4E9C0FC1B96494E0071C084 /* AveriaSansLibre-Italic.ttf in Resources */ = {isa = PBXBuildFile; fileRef = C4E9C0F61B96494E0071C084 /* AveriaSansLibre-Italic.ttf */; };
		C4E9C0FD1B96494E0071C084 /* AveriaSansLibre-Light.ttf in Resources */ = {isa = PBXBuildFile; fileRef = C4E9C0F71B96494E0071C084 /* AveriaSansLibre-Light.ttf */; };
		C4E9C0FE1B96494E0071C084 /* AveriaSansLibre-LightItalic.ttf in Resources */ = {isa = PBXBuildFile; fileRef = C4E9C0F81B96494E0071C084 /* AveriaSansLibre-LightItalic.ttf */; };
		C4E9C0FF1B96494E0071C084 /* AveriaSansLibre-Regular.ttf in Resources */ = {isa = PBXBuildFile; fileRef = C4E9C0F91B96494E0071C084 /* AveriaSansLibre-Regular.ttf */; };
		C4E9C1021B96496A0071C084 /* SansitaOne.ttf in Resources */ = {isa = PBXBuildFile; fileRef = C4E9C1011B96496A0071C084 /* SansitaOne.ttf */; };
		C4ED804A1B7802A6005E84E4 /* SLVProfileViewController.m in Sources */ = {isa = PBXBuildFile; fileRef = C4ED80481B7802A6005E84E4 /* SLVProfileViewController.m */; };
		C4ED804B1B7802A6005E84E4 /* SLVProfileViewController.xib in Resources */ = {isa = PBXBuildFile; fileRef = C4ED80491B7802A6005E84E4 /* SLVProfileViewController.xib */; };
		C4F2CECE1B92101E000AC390 /* SLVSettingsViewController.m in Sources */ = {isa = PBXBuildFile; fileRef = C4F2CECC1B92101E000AC390 /* SLVSettingsViewController.m */; };
		C4F2CECF1B92101E000AC390 /* SLVSettingsViewController.xib in Resources */ = {isa = PBXBuildFile; fileRef = C4F2CECD1B92101E000AC390 /* SLVSettingsViewController.xib */; };
		C4F2CED41B92173A000AC390 /* SLVUpdateProfileViewController.m in Sources */ = {isa = PBXBuildFile; fileRef = C4F2CED21B92173A000AC390 /* SLVUpdateProfileViewController.m */; };
		C4F2CED51B92173A000AC390 /* SLVUpdateProfileViewController.xib in Resources */ = {isa = PBXBuildFile; fileRef = C4F2CED31B92173A000AC390 /* SLVUpdateProfileViewController.xib */; };
		C4F849911B9E301F00E3C53D /* SLVActivityViewController.m in Sources */ = {isa = PBXBuildFile; fileRef = C4F8498F1B9E301F00E3C53D /* SLVActivityViewController.m */; };
		C4F849921B9E301F00E3C53D /* SLVActivityViewController.xib in Resources */ = {isa = PBXBuildFile; fileRef = C4F849901B9E301F00E3C53D /* SLVActivityViewController.xib */; };
		E1FECD583C3B847E5E34B1E4 /* libPods-Slove.a in Frameworks */ = {isa = PBXBuildFile; fileRef = 542FEC3E7BA50C32603B925F /* libPods-Slove.a */; };
/* End PBXBuildFile section */

/* Begin PBXContainerItemProxy section */
		C44224FD1B5BE7D600389210 /* PBXContainerItemProxy */ = {
			isa = PBXContainerItemProxy;
			containerPortal = C44224DB1B5BE7D600389210 /* Project object */;
			proxyType = 1;
			remoteGlobalIDString = C44224E21B5BE7D600389210;
			remoteInfo = Slove;
		};
/* End PBXContainerItemProxy section */

/* Begin PBXFileReference section */
		542FEC3E7BA50C32603B925F /* libPods-Slove.a */ = {isa = PBXFileReference; explicitFileType = archive.ar; includeInIndex = 0; path = "libPods-Slove.a"; sourceTree = BUILT_PRODUCTS_DIR; };
		56E026E5988632AACB633B7D /* Pods-Slove.debug.xcconfig */ = {isa = PBXFileReference; includeInIndex = 1; lastKnownFileType = text.xcconfig; name = "Pods-Slove.debug.xcconfig"; path = "Pods/Target Support Files/Pods-Slove/Pods-Slove.debug.xcconfig"; sourceTree = "<group>"; };
		8E2687E97BE04A9CA518E4AB /* Pods-Slove.release.xcconfig */ = {isa = PBXFileReference; includeInIndex = 1; lastKnownFileType = text.xcconfig; name = "Pods-Slove.release.xcconfig"; path = "Pods/Target Support Files/Pods-Slove/Pods-Slove.release.xcconfig"; sourceTree = "<group>"; };
		C4197E341B9CE06000064507 /* SLVConstructionPopupViewController.h */ = {isa = PBXFileReference; fileEncoding = 4; lastKnownFileType = sourcecode.c.h; path = SLVConstructionPopupViewController.h; sourceTree = "<group>"; };
		C4197E351B9CE06000064507 /* SLVConstructionPopupViewController.m */ = {isa = PBXFileReference; fileEncoding = 4; lastKnownFileType = sourcecode.c.objc; path = SLVConstructionPopupViewController.m; sourceTree = "<group>"; };
		C4197E361B9CE06000064507 /* SLVConstructionPopupViewController.xib */ = {isa = PBXFileReference; fileEncoding = 4; lastKnownFileType = file.xib; path = SLVConstructionPopupViewController.xib; sourceTree = "<group>"; };
		C42C8E981B887C3A0079D734 /* Assets */ = {isa = PBXFileReference; lastKnownFileType = folder; path = Assets; sourceTree = "<group>"; };
		C44224E31B5BE7D600389210 /* Slove.app */ = {isa = PBXFileReference; explicitFileType = wrapper.application; includeInIndex = 0; path = Slove.app; sourceTree = BUILT_PRODUCTS_DIR; };
		C44224E71B5BE7D600389210 /* Info.plist */ = {isa = PBXFileReference; lastKnownFileType = text.plist.xml; path = Info.plist; sourceTree = "<group>"; };
		C44224E81B5BE7D600389210 /* main.m */ = {isa = PBXFileReference; lastKnownFileType = sourcecode.c.objc; path = main.m; sourceTree = "<group>"; };
		C44224EA1B5BE7D600389210 /* AppDelegate.h */ = {isa = PBXFileReference; lastKnownFileType = sourcecode.c.h; path = AppDelegate.h; sourceTree = "<group>"; };
		C44224EB1B5BE7D600389210 /* AppDelegate.m */ = {isa = PBXFileReference; lastKnownFileType = sourcecode.c.objc; path = AppDelegate.m; sourceTree = "<group>"; };
		C44224F31B5BE7D600389210 /* Images.xcassets */ = {isa = PBXFileReference; lastKnownFileType = folder.assetcatalog; path = Images.xcassets; sourceTree = "<group>"; };
		C44224F61B5BE7D600389210 /* Base */ = {isa = PBXFileReference; lastKnownFileType = file.xib; name = Base; path = Base.lproj/LaunchScreen.xib; sourceTree = "<group>"; };
		C44224FC1B5BE7D600389210 /* SloveTests.xctest */ = {isa = PBXFileReference; explicitFileType = wrapper.cfbundle; includeInIndex = 0; path = SloveTests.xctest; sourceTree = BUILT_PRODUCTS_DIR; };
		C44225011B5BE7D600389210 /* Info.plist */ = {isa = PBXFileReference; lastKnownFileType = text.plist.xml; path = Info.plist; sourceTree = "<group>"; };
		C44225021B5BE7D600389210 /* SloveTests.m */ = {isa = PBXFileReference; lastKnownFileType = sourcecode.c.objc; path = SloveTests.m; sourceTree = "<group>"; };
		C442251A1B5BF0E000389210 /* SLVPrefixHeader.pch */ = {isa = PBXFileReference; lastKnownFileType = sourcecode.c.h; path = SLVPrefixHeader.pch; sourceTree = "<group>"; };
		C442251B1B5BF12800389210 /* SLVTools.h */ = {isa = PBXFileReference; fileEncoding = 4; lastKnownFileType = sourcecode.c.h; path = SLVTools.h; sourceTree = "<group>"; };
		C442251C1B5BF12800389210 /* SLVTools.m */ = {isa = PBXFileReference; fileEncoding = 4; lastKnownFileType = sourcecode.c.objc; path = SLVTools.m; sourceTree = "<group>"; };
		C442251F1B5BF20A00389210 /* NSString+Tools.h */ = {isa = PBXFileReference; fileEncoding = 4; lastKnownFileType = sourcecode.c.h; path = "NSString+Tools.h"; sourceTree = "<group>"; };
		C44225201B5BF20A00389210 /* NSString+Tools.m */ = {isa = PBXFileReference; fileEncoding = 4; lastKnownFileType = sourcecode.c.objc; path = "NSString+Tools.m"; sourceTree = "<group>"; };
		C44225221B5BF5C900389210 /* SLVNavigationController.h */ = {isa = PBXFileReference; fileEncoding = 4; lastKnownFileType = sourcecode.c.h; path = SLVNavigationController.h; sourceTree = "<group>"; };
		C44225231B5BF5C900389210 /* SLVNavigationController.m */ = {isa = PBXFileReference; fileEncoding = 4; lastKnownFileType = sourcecode.c.objc; path = SLVNavigationController.m; sourceTree = "<group>"; };
		C44225271B5BF5DB00389210 /* SLVViewController.h */ = {isa = PBXFileReference; fileEncoding = 4; lastKnownFileType = sourcecode.c.h; path = SLVViewController.h; sourceTree = "<group>"; };
		C44225281B5BF5DB00389210 /* SLVViewController.m */ = {isa = PBXFileReference; fileEncoding = 4; lastKnownFileType = sourcecode.c.objc; path = SLVViewController.m; sourceTree = "<group>"; };
		C44225291B5BF5DB00389210 /* SLVViewController.xib */ = {isa = PBXFileReference; fileEncoding = 4; lastKnownFileType = file.xib; path = SLVViewController.xib; sourceTree = "<group>"; };
		C442252D1B5BF76100389210 /* SLVConnectionViewController.h */ = {isa = PBXFileReference; fileEncoding = 4; lastKnownFileType = sourcecode.c.h; path = SLVConnectionViewController.h; sourceTree = "<group>"; };
		C442252E1B5BF76100389210 /* SLVConnectionViewController.m */ = {isa = PBXFileReference; fileEncoding = 4; lastKnownFileType = sourcecode.c.objc; path = SLVConnectionViewController.m; sourceTree = "<group>"; };
		C442252F1B5BF76100389210 /* SLVConnectionViewController.xib */ = {isa = PBXFileReference; fileEncoding = 4; lastKnownFileType = file.xib; path = SLVConnectionViewController.xib; sourceTree = "<group>"; };
		C44D553E1B9B3EB200763F0E /* SLVCodeField.h */ = {isa = PBXFileReference; fileEncoding = 4; lastKnownFileType = sourcecode.c.h; path = SLVCodeField.h; sourceTree = "<group>"; };
		C44D553F1B9B3EB200763F0E /* SLVCodeField.m */ = {isa = PBXFileReference; fileEncoding = 4; lastKnownFileType = sourcecode.c.objc; path = SLVCodeField.m; sourceTree = "<group>"; };
		C44DCC921B682086009BDAB2 /* SLVContact.h */ = {isa = PBXFileReference; fileEncoding = 4; lastKnownFileType = sourcecode.c.h; path = SLVContact.h; sourceTree = "<group>"; };
		C44DCC931B682086009BDAB2 /* SLVContact.m */ = {isa = PBXFileReference; fileEncoding = 4; lastKnownFileType = sourcecode.c.objc; path = SLVContact.m; sourceTree = "<group>"; };
		C44DCC951B682C11009BDAB2 /* SLVContactTableViewCell.h */ = {isa = PBXFileReference; fileEncoding = 4; lastKnownFileType = sourcecode.c.h; path = SLVContactTableViewCell.h; sourceTree = "<group>"; };
		C44DCC961B682C11009BDAB2 /* SLVContactTableViewCell.m */ = {isa = PBXFileReference; fileEncoding = 4; lastKnownFileType = sourcecode.c.objc; path = SLVContactTableViewCell.m; sourceTree = "<group>"; };
		C44DCC971B682C11009BDAB2 /* SLVContactTableViewCell.xib */ = {isa = PBXFileReference; fileEncoding = 4; lastKnownFileType = file.xib; path = SLVContactTableViewCell.xib; sourceTree = "<group>"; };
		C44EB1A21B7D46CF001DC989 /* SLVSlovedPopupViewController.h */ = {isa = PBXFileReference; fileEncoding = 4; lastKnownFileType = sourcecode.c.h; path = SLVSlovedPopupViewController.h; sourceTree = "<group>"; };
		C44EB1A31B7D46CF001DC989 /* SLVSlovedPopupViewController.m */ = {isa = PBXFileReference; fileEncoding = 4; lastKnownFileType = sourcecode.c.objc; path = SLVSlovedPopupViewController.m; sourceTree = "<group>"; };
		C44EB1A41B7D46CF001DC989 /* SLVSlovedPopupViewController.xib */ = {isa = PBXFileReference; fileEncoding = 4; lastKnownFileType = file.xib; path = SLVSlovedPopupViewController.xib; sourceTree = "<group>"; };
		C458F7031B6A32D40075B8EF /* Base */ = {isa = PBXFileReference; lastKnownFileType = text.plist.strings; name = Base; path = Base.lproj/Localizable.strings; sourceTree = "<group>"; };
		C458F7041B6A62410075B8EF /* fr */ = {isa = PBXFileReference; lastKnownFileType = text.plist.strings; name = fr; path = fr.lproj/LaunchScreen.strings; sourceTree = "<group>"; };
		C458F7051B6A62410075B8EF /* fr */ = {isa = PBXFileReference; lastKnownFileType = text.plist.strings; name = fr; path = fr.lproj/Localizable.strings; sourceTree = "<group>"; };
		C458F7061B6A62630075B8EF /* pt-BR */ = {isa = PBXFileReference; lastKnownFileType = text.plist.strings; name = "pt-BR"; path = "pt-BR.lproj/LaunchScreen.strings"; sourceTree = "<group>"; };
		C458F7071B6A62630075B8EF /* pt-BR */ = {isa = PBXFileReference; lastKnownFileType = text.plist.strings; name = "pt-BR"; path = "pt-BR.lproj/Localizable.strings"; sourceTree = "<group>"; };
		C458F70D1B6BD7B20075B8EF /* AVFoundation.framework */ = {isa = PBXFileReference; lastKnownFileType = wrapper.framework; name = AVFoundation.framework; path = System/Library/Frameworks/AVFoundation.framework; sourceTree = SDKROOT; };
		C469805B1BAD7B6100F90477 /* illu_spashscreen.png */ = {isa = PBXFileReference; lastKnownFileType = image.png; name = illu_spashscreen.png; path = "Assets/Splash Screen/illu_spashscreen.png"; sourceTree = "<group>"; };
		C469805C1BAD7B6100F90477 /* illu_spashscreen@2x.png */ = {isa = PBXFileReference; lastKnownFileType = image.png; name = "illu_spashscreen@2x.png"; path = "Assets/Splash Screen/illu_spashscreen@2x.png"; sourceTree = "<group>"; };
		C469805D1BAD7B6100F90477 /* illu_spashscreen@3x.png */ = {isa = PBXFileReference; lastKnownFileType = image.png; name = "illu_spashscreen@3x.png"; path = "Assets/Splash Screen/illu_spashscreen@3x.png"; sourceTree = "<group>"; };
		C46980611BADA52200F90477 /* UIView+Animation.h */ = {isa = PBXFileReference; fileEncoding = 4; lastKnownFileType = sourcecode.c.h; path = "UIView+Animation.h"; sourceTree = "<group>"; };
		C46980621BADA52200F90477 /* UIView+Animation.m */ = {isa = PBXFileReference; fileEncoding = 4; lastKnownFileType = sourcecode.c.objc; path = "UIView+Animation.m"; sourceTree = "<group>"; };
		C46E645B1B9FA4C00079A600 /* GoogleService-Info.plist */ = {isa = PBXFileReference; fileEncoding = 4; lastKnownFileType = text.plist.xml; path = "GoogleService-Info.plist"; sourceTree = "<group>"; };
		C498E82B1B640F8E002B0A4E /* SLVRegisterViewController.h */ = {isa = PBXFileReference; fileEncoding = 4; lastKnownFileType = sourcecode.c.h; path = SLVRegisterViewController.h; sourceTree = "<group>"; };
		C498E82C1B640F8E002B0A4E /* SLVRegisterViewController.m */ = {isa = PBXFileReference; fileEncoding = 4; lastKnownFileType = sourcecode.c.objc; path = SLVRegisterViewController.m; sourceTree = "<group>"; };
		C498E82D1B640F8E002B0A4E /* SLVRegisterViewController.xib */ = {isa = PBXFileReference; fileEncoding = 4; lastKnownFileType = file.xib; path = SLVRegisterViewController.xib; sourceTree = "<group>"; };
		C498E8301B64F1FE002B0A4E /* ParseErrorHandlingController.h */ = {isa = PBXFileReference; fileEncoding = 4; lastKnownFileType = sourcecode.c.h; path = ParseErrorHandlingController.h; sourceTree = "<group>"; };
		C498E8311B64F1FE002B0A4E /* ParseErrorHandlingController.m */ = {isa = PBXFileReference; fileEncoding = 4; lastKnownFileType = sourcecode.c.objc; path = ParseErrorHandlingController.m; sourceTree = "<group>"; };
		C498E8381B64F2C8002B0A4E /* SLVLogInViewController.h */ = {isa = PBXFileReference; fileEncoding = 4; lastKnownFileType = sourcecode.c.h; path = SLVLogInViewController.h; sourceTree = "<group>"; };
		C498E8391B64F2C8002B0A4E /* SLVLogInViewController.m */ = {isa = PBXFileReference; fileEncoding = 4; lastKnownFileType = sourcecode.c.objc; path = SLVLogInViewController.m; sourceTree = "<group>"; };
		C498E83A1B64F2C8002B0A4E /* SLVLogInViewController.xib */ = {isa = PBXFileReference; fileEncoding = 4; lastKnownFileType = file.xib; path = SLVLogInViewController.xib; sourceTree = "<group>"; };
		C49A82341B639DF60061BA1B /* SLVUsernameViewController.h */ = {isa = PBXFileReference; fileEncoding = 4; lastKnownFileType = sourcecode.c.h; path = SLVUsernameViewController.h; sourceTree = "<group>"; };
		C49A82351B639DF60061BA1B /* SLVUsernameViewController.m */ = {isa = PBXFileReference; fileEncoding = 4; lastKnownFileType = sourcecode.c.objc; path = SLVUsernameViewController.m; sourceTree = "<group>"; };
		C49A82361B639DF60061BA1B /* SLVUsernameViewController.xib */ = {isa = PBXFileReference; fileEncoding = 4; lastKnownFileType = file.xib; path = SLVUsernameViewController.xib; sourceTree = "<group>"; };
		C49FA8BD1B6D4193009288B9 /* SLVAddressBookContact.h */ = {isa = PBXFileReference; fileEncoding = 4; lastKnownFileType = sourcecode.c.h; path = SLVAddressBookContact.h; sourceTree = "<group>"; };
		C49FA8BE1B6D4193009288B9 /* SLVAddressBookContact.m */ = {isa = PBXFileReference; fileEncoding = 4; lastKnownFileType = sourcecode.c.objc; path = SLVAddressBookContact.m; sourceTree = "<group>"; };
		C49FA8C01B6EB1B6009288B9 /* SLVCountryCodeData.h */ = {isa = PBXFileReference; fileEncoding = 4; lastKnownFileType = sourcecode.c.h; path = SLVCountryCodeData.h; sourceTree = "<group>"; };
		C49FA8C11B6EB1B6009288B9 /* SLVCountryCodeData.m */ = {isa = PBXFileReference; fileEncoding = 4; lastKnownFileType = sourcecode.c.objc; path = SLVCountryCodeData.m; sourceTree = "<group>"; };
		C49FA8C31B6EB5A4009288B9 /* CoreTelephony.framework */ = {isa = PBXFileReference; lastKnownFileType = wrapper.framework; name = CoreTelephony.framework; path = System/Library/Frameworks/CoreTelephony.framework; sourceTree = SDKROOT; };
		C4A07C941BA60261009C6288 /* Reachability.h */ = {isa = PBXFileReference; fileEncoding = 4; lastKnownFileType = sourcecode.c.h; path = Reachability.h; sourceTree = "<group>"; };
		C4A07C951BA60261009C6288 /* Reachability.m */ = {isa = PBXFileReference; fileEncoding = 4; lastKnownFileType = sourcecode.c.objc; path = Reachability.m; sourceTree = "<group>"; };
		C4A2488C1B81130A004B9D43 /* SLVInteractionPopupViewController.h */ = {isa = PBXFileReference; fileEncoding = 4; lastKnownFileType = sourcecode.c.h; path = SLVInteractionPopupViewController.h; sourceTree = "<group>"; };
		C4A2488D1B81130A004B9D43 /* SLVInteractionPopupViewController.m */ = {isa = PBXFileReference; fileEncoding = 4; lastKnownFileType = sourcecode.c.objc; path = SLVInteractionPopupViewController.m; sourceTree = "<group>"; };
		C4A2488E1B81130A004B9D43 /* SLVInteractionPopupViewController.xib */ = {isa = PBXFileReference; fileEncoding = 4; lastKnownFileType = file.xib; path = SLVInteractionPopupViewController.xib; sourceTree = "<group>"; };
		C4A248921B8117ED004B9D43 /* SLVPopupViewController.h */ = {isa = PBXFileReference; fileEncoding = 4; lastKnownFileType = sourcecode.c.h; path = SLVPopupViewController.h; sourceTree = "<group>"; };
		C4A248931B8117ED004B9D43 /* SLVPopupViewController.m */ = {isa = PBXFileReference; fileEncoding = 4; lastKnownFileType = sourcecode.c.objc; path = SLVPopupViewController.m; sourceTree = "<group>"; };
		C4A48D981B6149EC00CEBA25 /* SLVHomeViewController.h */ = {isa = PBXFileReference; fileEncoding = 4; lastKnownFileType = sourcecode.c.h; path = SLVHomeViewController.h; sourceTree = "<group>"; };
		C4A48D991B6149EC00CEBA25 /* SLVHomeViewController.m */ = {isa = PBXFileReference; fileEncoding = 4; lastKnownFileType = sourcecode.c.objc; path = SLVHomeViewController.m; sourceTree = "<group>"; };
		C4A48D9A1B6149EC00CEBA25 /* SLVHomeViewController.xib */ = {isa = PBXFileReference; fileEncoding = 4; lastKnownFileType = file.xib; path = SLVHomeViewController.xib; sourceTree = "<group>"; };
		C4A48D9D1B61505300CEBA25 /* SLVLogger.h */ = {isa = PBXFileReference; fileEncoding = 4; lastKnownFileType = sourcecode.c.h; path = SLVLogger.h; sourceTree = "<group>"; };
		C4A48D9E1B61505300CEBA25 /* SLVLogger.m */ = {isa = PBXFileReference; fileEncoding = 4; lastKnownFileType = sourcecode.c.objc; path = SLVLogger.m; sourceTree = "<group>"; };
		C4A48DA01B61519000CEBA25 /* SLVPhoneNumberViewController.h */ = {isa = PBXFileReference; fileEncoding = 4; lastKnownFileType = sourcecode.c.h; path = SLVPhoneNumberViewController.h; sourceTree = "<group>"; };
		C4A48DA11B61519000CEBA25 /* SLVPhoneNumberViewController.m */ = {isa = PBXFileReference; fileEncoding = 4; lastKnownFileType = sourcecode.c.objc; path = SLVPhoneNumberViewController.m; sourceTree = "<group>"; };
		C4A48DA21B61519000CEBA25 /* SLVPhoneNumberViewController.xib */ = {isa = PBXFileReference; fileEncoding = 4; lastKnownFileType = file.xib; path = SLVPhoneNumberViewController.xib; sourceTree = "<group>"; };
		C4A48DA51B61531A00CEBA25 /* SLVConfirmationCodeViewController.h */ = {isa = PBXFileReference; fileEncoding = 4; lastKnownFileType = sourcecode.c.h; path = SLVConfirmationCodeViewController.h; sourceTree = "<group>"; };
		C4A48DA61B61531A00CEBA25 /* SLVConfirmationCodeViewController.m */ = {isa = PBXFileReference; fileEncoding = 4; lastKnownFileType = sourcecode.c.objc; path = SLVConfirmationCodeViewController.m; sourceTree = "<group>"; };
		C4A48DA71B61531A00CEBA25 /* SLVConfirmationCodeViewController.xib */ = {isa = PBXFileReference; fileEncoding = 4; lastKnownFileType = file.xib; path = SLVConfirmationCodeViewController.xib; sourceTree = "<group>"; };
		C4A48DAB1B61552F00CEBA25 /* SLVNetworking.h */ = {isa = PBXFileReference; fileEncoding = 4; lastKnownFileType = sourcecode.c.h; path = SLVNetworking.h; sourceTree = "<group>"; };
		C4A48DAC1B61552F00CEBA25 /* SLVNetworking.m */ = {isa = PBXFileReference; fileEncoding = 4; lastKnownFileType = sourcecode.c.objc; path = SLVNetworking.m; sourceTree = "<group>"; };
		C4A48DB31B61575100CEBA25 /* TimeoutAFHTTPRequestSerializer.h */ = {isa = PBXFileReference; fileEncoding = 4; lastKnownFileType = sourcecode.c.h; path = TimeoutAFHTTPRequestSerializer.h; sourceTree = "<group>"; };
		C4A48DB41B61575100CEBA25 /* TimeoutAFHTTPRequestSerializer.m */ = {isa = PBXFileReference; fileEncoding = 4; lastKnownFileType = sourcecode.c.objc; path = TimeoutAFHTTPRequestSerializer.m; sourceTree = "<group>"; };
		C4A48DB91B62C73B00CEBA25 /* SLVRoute.h */ = {isa = PBXFileReference; fileEncoding = 4; lastKnownFileType = sourcecode.c.h; path = SLVRoute.h; sourceTree = "<group>"; };
		C4A48DBA1B62C73B00CEBA25 /* SLVRoute.m */ = {isa = PBXFileReference; fileEncoding = 4; lastKnownFileType = sourcecode.c.objc; path = SLVRoute.m; sourceTree = "<group>"; };
		C4A870B31B72C721000A5510 /* SLVFacebookFriend.h */ = {isa = PBXFileReference; fileEncoding = 4; lastKnownFileType = sourcecode.c.h; path = SLVFacebookFriend.h; sourceTree = "<group>"; };
		C4A870B41B72C721000A5510 /* SLVFacebookFriend.m */ = {isa = PBXFileReference; fileEncoding = 4; lastKnownFileType = sourcecode.c.objc; path = SLVFacebookFriend.m; sourceTree = "<group>"; };
		C4C644671B9A4D7F0065B2BC /* Nunito-Bold.ttf */ = {isa = PBXFileReference; lastKnownFileType = file; name = "Nunito-Bold.ttf"; path = "Assets/Font/Nunito/Nunito-Bold.ttf"; sourceTree = "<group>"; };
		C4C644681B9A4D7F0065B2BC /* Nunito-Light.ttf */ = {isa = PBXFileReference; lastKnownFileType = file; name = "Nunito-Light.ttf"; path = "Assets/Font/Nunito/Nunito-Light.ttf"; sourceTree = "<group>"; };
		C4C644691B9A4D7F0065B2BC /* Nunito-Regular.ttf */ = {isa = PBXFileReference; lastKnownFileType = file; name = "Nunito-Regular.ttf"; path = "Assets/Font/Nunito/Nunito-Regular.ttf"; sourceTree = "<group>"; };
		C4C644721B9AF72F0065B2BC /* SLVTextField.h */ = {isa = PBXFileReference; fileEncoding = 4; lastKnownFileType = sourcecode.c.h; path = SLVTextField.h; sourceTree = "<group>"; };
		C4C644731B9AF72F0065B2BC /* SLVTextField.m */ = {isa = PBXFileReference; fileEncoding = 4; lastKnownFileType = sourcecode.c.objc; path = SLVTextField.m; sourceTree = "<group>"; };
		C4C9274A1B66ABC4000ABA7A /* SLVFacebookInviteViewController.h */ = {isa = PBXFileReference; fileEncoding = 4; lastKnownFileType = sourcecode.c.h; path = SLVFacebookInviteViewController.h; sourceTree = "<group>"; };
		C4C9274B1B66ABC4000ABA7A /* SLVFacebookInviteViewController.m */ = {isa = PBXFileReference; fileEncoding = 4; lastKnownFileType = sourcecode.c.objc; path = SLVFacebookInviteViewController.m; sourceTree = "<group>"; };
		C4C9274C1B66ABC4000ABA7A /* SLVFacebookInviteViewController.xib */ = {isa = PBXFileReference; fileEncoding = 4; lastKnownFileType = file.xib; path = SLVFacebookInviteViewController.xib; sourceTree = "<group>"; };
		C4E9C0EF1B9641730071C084 /* SLVSloveSentPopupViewController.h */ = {isa = PBXFileReference; fileEncoding = 4; lastKnownFileType = sourcecode.c.h; path = SLVSloveSentPopupViewController.h; sourceTree = "<group>"; };
		C4E9C0F01B9641730071C084 /* SLVSloveSentPopupViewController.m */ = {isa = PBXFileReference; fileEncoding = 4; lastKnownFileType = sourcecode.c.objc; path = SLVSloveSentPopupViewController.m; sourceTree = "<group>"; };
		C4E9C0F11B9641730071C084 /* SLVSloveSentPopupViewController.xib */ = {isa = PBXFileReference; fileEncoding = 4; lastKnownFileType = file.xib; path = SLVSloveSentPopupViewController.xib; sourceTree = "<group>"; };
		C4E9C0F41B96494E0071C084 /* AveriaSansLibre-Bold.ttf */ = {isa = PBXFileReference; lastKnownFileType = file; name = "AveriaSansLibre-Bold.ttf"; path = "Assets/Font/Averia Sans Libre/AveriaSansLibre-Bold.ttf"; sourceTree = "<group>"; };
		C4E9C0F51B96494E0071C084 /* AveriaSansLibre-BoldItalic.ttf */ = {isa = PBXFileReference; lastKnownFileType = file; name = "AveriaSansLibre-BoldItalic.ttf"; path = "Assets/Font/Averia Sans Libre/AveriaSansLibre-BoldItalic.ttf"; sourceTree = "<group>"; };
		C4E9C0F61B96494E0071C084 /* AveriaSansLibre-Italic.ttf */ = {isa = PBXFileReference; lastKnownFileType = file; name = "AveriaSansLibre-Italic.ttf"; path = "Assets/Font/Averia Sans Libre/AveriaSansLibre-Italic.ttf"; sourceTree = "<group>"; };
		C4E9C0F71B96494E0071C084 /* AveriaSansLibre-Light.ttf */ = {isa = PBXFileReference; lastKnownFileType = file; name = "AveriaSansLibre-Light.ttf"; path = "Assets/Font/Averia Sans Libre/AveriaSansLibre-Light.ttf"; sourceTree = "<group>"; };
		C4E9C0F81B96494E0071C084 /* AveriaSansLibre-LightItalic.ttf */ = {isa = PBXFileReference; lastKnownFileType = file; name = "AveriaSansLibre-LightItalic.ttf"; path = "Assets/Font/Averia Sans Libre/AveriaSansLibre-LightItalic.ttf"; sourceTree = "<group>"; };
		C4E9C0F91B96494E0071C084 /* AveriaSansLibre-Regular.ttf */ = {isa = PBXFileReference; lastKnownFileType = file; name = "AveriaSansLibre-Regular.ttf"; path = "Assets/Font/Averia Sans Libre/AveriaSansLibre-Regular.ttf"; sourceTree = "<group>"; };
		C4E9C1011B96496A0071C084 /* SansitaOne.ttf */ = {isa = PBXFileReference; lastKnownFileType = file; name = SansitaOne.ttf; path = "Assets/Font/Sansita One/SansitaOne.ttf"; sourceTree = "<group>"; };
		C4ED80471B7802A6005E84E4 /* SLVProfileViewController.h */ = {isa = PBXFileReference; fileEncoding = 4; lastKnownFileType = sourcecode.c.h; path = SLVProfileViewController.h; sourceTree = "<group>"; };
		C4ED80481B7802A6005E84E4 /* SLVProfileViewController.m */ = {isa = PBXFileReference; fileEncoding = 4; lastKnownFileType = sourcecode.c.objc; path = SLVProfileViewController.m; sourceTree = "<group>"; };
		C4ED80491B7802A6005E84E4 /* SLVProfileViewController.xib */ = {isa = PBXFileReference; fileEncoding = 4; lastKnownFileType = file.xib; path = SLVProfileViewController.xib; sourceTree = "<group>"; };
		C4F2CECB1B92101E000AC390 /* SLVSettingsViewController.h */ = {isa = PBXFileReference; fileEncoding = 4; lastKnownFileType = sourcecode.c.h; path = SLVSettingsViewController.h; sourceTree = "<group>"; };
		C4F2CECC1B92101E000AC390 /* SLVSettingsViewController.m */ = {isa = PBXFileReference; fileEncoding = 4; lastKnownFileType = sourcecode.c.objc; path = SLVSettingsViewController.m; sourceTree = "<group>"; };
		C4F2CECD1B92101E000AC390 /* SLVSettingsViewController.xib */ = {isa = PBXFileReference; fileEncoding = 4; lastKnownFileType = file.xib; path = SLVSettingsViewController.xib; sourceTree = "<group>"; };
		C4F2CED11B92173A000AC390 /* SLVUpdateProfileViewController.h */ = {isa = PBXFileReference; fileEncoding = 4; lastKnownFileType = sourcecode.c.h; path = SLVUpdateProfileViewController.h; sourceTree = "<group>"; };
		C4F2CED21B92173A000AC390 /* SLVUpdateProfileViewController.m */ = {isa = PBXFileReference; fileEncoding = 4; lastKnownFileType = sourcecode.c.objc; path = SLVUpdateProfileViewController.m; sourceTree = "<group>"; };
		C4F2CED31B92173A000AC390 /* SLVUpdateProfileViewController.xib */ = {isa = PBXFileReference; fileEncoding = 4; lastKnownFileType = file.xib; path = SLVUpdateProfileViewController.xib; sourceTree = "<group>"; };
		C4F8498E1B9E301F00E3C53D /* SLVActivityViewController.h */ = {isa = PBXFileReference; fileEncoding = 4; lastKnownFileType = sourcecode.c.h; path = SLVActivityViewController.h; sourceTree = "<group>"; };
		C4F8498F1B9E301F00E3C53D /* SLVActivityViewController.m */ = {isa = PBXFileReference; fileEncoding = 4; lastKnownFileType = sourcecode.c.objc; path = SLVActivityViewController.m; sourceTree = "<group>"; };
		C4F849901B9E301F00E3C53D /* SLVActivityViewController.xib */ = {isa = PBXFileReference; fileEncoding = 4; lastKnownFileType = file.xib; path = SLVActivityViewController.xib; sourceTree = "<group>"; };
/* End PBXFileReference section */

/* Begin PBXFrameworksBuildPhase section */
		C44224E01B5BE7D600389210 /* Frameworks */ = {
			isa = PBXFrameworksBuildPhase;
			buildActionMask = 2147483647;
			files = (
				C49FA8C41B6EB5A4009288B9 /* CoreTelephony.framework in Frameworks */,
				C458F70E1B6BD7B20075B8EF /* AVFoundation.framework in Frameworks */,
				E1FECD583C3B847E5E34B1E4 /* libPods-Slove.a in Frameworks */,
			);
			runOnlyForDeploymentPostprocessing = 0;
		};
		C44224F91B5BE7D600389210 /* Frameworks */ = {
			isa = PBXFrameworksBuildPhase;
			buildActionMask = 2147483647;
			files = (
			);
			runOnlyForDeploymentPostprocessing = 0;
		};
/* End PBXFrameworksBuildPhase section */

/* Begin PBXGroup section */
		760B6D6BCE146E20A5D28C87 /* Frameworks */ = {
			isa = PBXGroup;
			children = (
				C49FA8C31B6EB5A4009288B9 /* CoreTelephony.framework */,
				C458F70D1B6BD7B20075B8EF /* AVFoundation.framework */,
				542FEC3E7BA50C32603B925F /* libPods-Slove.a */,
			);
			name = Frameworks;
			sourceTree = "<group>";
		};
		C42C8E9B1B88890E0079D734 /* Font */ = {
			isa = PBXGroup;
			children = (
				C42C8EAA1B88893E0079D734 /* Averia Sans Libre */,
				C4C644661B9A4D6C0065B2BC /* Nunito */,
				C4E9C1001B9649550071C084 /* Sansita One */,
			);
			name = Font;
			sourceTree = "<group>";
		};
		C42C8EAA1B88893E0079D734 /* Averia Sans Libre */ = {
			isa = PBXGroup;
			children = (
				C4E9C0F41B96494E0071C084 /* AveriaSansLibre-Bold.ttf */,
				C4E9C0F51B96494E0071C084 /* AveriaSansLibre-BoldItalic.ttf */,
				C4E9C0F61B96494E0071C084 /* AveriaSansLibre-Italic.ttf */,
				C4E9C0F71B96494E0071C084 /* AveriaSansLibre-Light.ttf */,
				C4E9C0F81B96494E0071C084 /* AveriaSansLibre-LightItalic.ttf */,
				C4E9C0F91B96494E0071C084 /* AveriaSansLibre-Regular.ttf */,
			);
			name = "Averia Sans Libre";
			sourceTree = "<group>";
		};
		C44224DA1B5BE7D600389210 = {
			isa = PBXGroup;
			children = (
				C44224E51B5BE7D600389210 /* Slove */,
				C44224FF1B5BE7D600389210 /* SloveTests */,
				C44224E41B5BE7D600389210 /* Products */,
				C6B0BBE6B229A7F5CD217DA8 /* Pods */,
				760B6D6BCE146E20A5D28C87 /* Frameworks */,
			);
			sourceTree = "<group>";
		};
		C44224E41B5BE7D600389210 /* Products */ = {
			isa = PBXGroup;
			children = (
				C44224E31B5BE7D600389210 /* Slove.app */,
				C44224FC1B5BE7D600389210 /* SloveTests.xctest */,
			);
			name = Products;
			sourceTree = "<group>";
		};
		C44224E51B5BE7D600389210 /* Slove */ = {
			isa = PBXGroup;
			children = (
				C44D554D1B9C881400763F0E /* Splash Screen */,
				C42C8E9B1B88890E0079D734 /* Font */,
				C42C8E981B887C3A0079D734 /* Assets */,
				C44225191B5BF03F00389210 /* Controller */,
				C44225151B5BEEBB00389210 /* Model */,
				C442250C1B5BED5B00389210 /* View */,
				C44224E61B5BE7D600389210 /* Supporting Files */,
			);
			path = Slove;
			sourceTree = "<group>";
		};
		C44224E61B5BE7D600389210 /* Supporting Files */ = {
			isa = PBXGroup;
			children = (
				C46E645B1B9FA4C00079A600 /* GoogleService-Info.plist */,
				C44224E71B5BE7D600389210 /* Info.plist */,
				C44224E81B5BE7D600389210 /* main.m */,
				C442251A1B5BF0E000389210 /* SLVPrefixHeader.pch */,
				C458F6FE1B6A320E0075B8EF /* Localizable.strings */,
			);
			name = "Supporting Files";
			sourceTree = "<group>";
		};
		C44224FF1B5BE7D600389210 /* SloveTests */ = {
			isa = PBXGroup;
			children = (
				C44225021B5BE7D600389210 /* SloveTests.m */,
				C44225001B5BE7D600389210 /* Supporting Files */,
			);
			path = SloveTests;
			sourceTree = "<group>";
		};
		C44225001B5BE7D600389210 /* Supporting Files */ = {
			isa = PBXGroup;
			children = (
				C44225011B5BE7D600389210 /* Info.plist */,
			);
			name = "Supporting Files";
			sourceTree = "<group>";
		};
		C442250C1B5BED5B00389210 /* View */ = {
			isa = PBXGroup;
			children = (
				C4F8498D1B9E300E00E3C53D /* Activity */,
				C442252C1B5BF6CD00389210 /* Connection */,
				C4A4DC761B6149290020BF3A /* Home */,
				C4F2CECA1B920FF2000AC390 /* Settings */,
				C4A248911B81178D004B9D43 /* Popup */,
				C44224F31B5BE7D600389210 /* Images.xcassets */,
				C44224F51B5BE7D600389210 /* LaunchScreen.xib */,
			);
			name = View;
			sourceTree = "<group>";
		};
		C44225151B5BEEBB00389210 /* Model */ = {
			isa = PBXGroup;
			children = (
				C49FA8B91B6D1B33009288B9 /* Contact */,
				C4A48DB91B62C73B00CEBA25 /* SLVRoute.h */,
				C4A48DBA1B62C73B00CEBA25 /* SLVRoute.m */,
				C49FA8C01B6EB1B6009288B9 /* SLVCountryCodeData.h */,
				C49FA8C11B6EB1B6009288B9 /* SLVCountryCodeData.m */,
			);
			name = Model;
			sourceTree = "<group>";
		};
		C44225191B5BF03F00389210 /* Controller */ = {
			isa = PBXGroup;
			children = (
				C442251E1B5BF1AE00389210 /* Category */,
				C4A48DB11B61571000CEBA25 /* Networking */,
				C4C644711B9AF6EE0065B2BC /* Override */,
				C4A48DB21B61572800CEBA25 /* Template */,
				C44224EA1B5BE7D600389210 /* AppDelegate.h */,
				C44224EB1B5BE7D600389210 /* AppDelegate.m */,
				C442251B1B5BF12800389210 /* SLVTools.h */,
				C442251C1B5BF12800389210 /* SLVTools.m */,
				C4A48D9D1B61505300CEBA25 /* SLVLogger.h */,
				C4A48D9E1B61505300CEBA25 /* SLVLogger.m */,
			);
			name = Controller;
			sourceTree = "<group>";
		};
		C442251E1B5BF1AE00389210 /* Category */ = {
			isa = PBXGroup;
			children = (
				C46980611BADA52200F90477 /* UIView+Animation.h */,
				C46980621BADA52200F90477 /* UIView+Animation.m */,
				C442251F1B5BF20A00389210 /* NSString+Tools.h */,
				C44225201B5BF20A00389210 /* NSString+Tools.m */,
			);
			name = Category;
			sourceTree = "<group>";
		};
		C442252C1B5BF6CD00389210 /* Connection */ = {
			isa = PBXGroup;
			children = (
				C4C927491B66AB9F000ABA7A /* Invite */,
				C4A48DAA1B61531E00CEBA25 /* Phone */,
				C442252D1B5BF76100389210 /* SLVConnectionViewController.h */,
				C442252E1B5BF76100389210 /* SLVConnectionViewController.m */,
				C442252F1B5BF76100389210 /* SLVConnectionViewController.xib */,
				C498E82B1B640F8E002B0A4E /* SLVRegisterViewController.h */,
				C498E82C1B640F8E002B0A4E /* SLVRegisterViewController.m */,
				C498E82D1B640F8E002B0A4E /* SLVRegisterViewController.xib */,
				C49A82341B639DF60061BA1B /* SLVUsernameViewController.h */,
				C49A82351B639DF60061BA1B /* SLVUsernameViewController.m */,
				C49A82361B639DF60061BA1B /* SLVUsernameViewController.xib */,
				C498E8381B64F2C8002B0A4E /* SLVLogInViewController.h */,
				C498E8391B64F2C8002B0A4E /* SLVLogInViewController.m */,
				C498E83A1B64F2C8002B0A4E /* SLVLogInViewController.xib */,
			);
			name = Connection;
			sourceTree = "<group>";
		};
		C44D554D1B9C881400763F0E /* Splash Screen */ = {
			isa = PBXGroup;
			children = (
				C469805B1BAD7B6100F90477 /* illu_spashscreen.png */,
				C469805C1BAD7B6100F90477 /* illu_spashscreen@2x.png */,
				C469805D1BAD7B6100F90477 /* illu_spashscreen@3x.png */,
			);
			name = "Splash Screen";
			sourceTree = "<group>";
		};
		C49FA8B91B6D1B33009288B9 /* Contact */ = {
			isa = PBXGroup;
			children = (
				C44DCC921B682086009BDAB2 /* SLVContact.h */,
				C44DCC931B682086009BDAB2 /* SLVContact.m */,
				C49FA8BD1B6D4193009288B9 /* SLVAddressBookContact.h */,
				C49FA8BE1B6D4193009288B9 /* SLVAddressBookContact.m */,
				C4A870B31B72C721000A5510 /* SLVFacebookFriend.h */,
				C4A870B41B72C721000A5510 /* SLVFacebookFriend.m */,
			);
			name = Contact;
			sourceTree = "<group>";
		};
		C4A248911B81178D004B9D43 /* Popup */ = {
			isa = PBXGroup;
			children = (
				C4A2488C1B81130A004B9D43 /* SLVInteractionPopupViewController.h */,
				C4A2488D1B81130A004B9D43 /* SLVInteractionPopupViewController.m */,
				C4A2488E1B81130A004B9D43 /* SLVInteractionPopupViewController.xib */,
				C44EB1A21B7D46CF001DC989 /* SLVSlovedPopupViewController.h */,
				C44EB1A31B7D46CF001DC989 /* SLVSlovedPopupViewController.m */,
				C44EB1A41B7D46CF001DC989 /* SLVSlovedPopupViewController.xib */,
				C4E9C0EF1B9641730071C084 /* SLVSloveSentPopupViewController.h */,
				C4E9C0F01B9641730071C084 /* SLVSloveSentPopupViewController.m */,
				C4E9C0F11B9641730071C084 /* SLVSloveSentPopupViewController.xib */,
				C4197E341B9CE06000064507 /* SLVConstructionPopupViewController.h */,
				C4197E351B9CE06000064507 /* SLVConstructionPopupViewController.m */,
				C4197E361B9CE06000064507 /* SLVConstructionPopupViewController.xib */,
			);
			name = Popup;
			sourceTree = "<group>";
		};
		C4A48DAA1B61531E00CEBA25 /* Phone */ = {
			isa = PBXGroup;
			children = (
				C4A48DA01B61519000CEBA25 /* SLVPhoneNumberViewController.h */,
				C4A48DA11B61519000CEBA25 /* SLVPhoneNumberViewController.m */,
				C4A48DA21B61519000CEBA25 /* SLVPhoneNumberViewController.xib */,
				C4A48DA51B61531A00CEBA25 /* SLVConfirmationCodeViewController.h */,
				C4A48DA61B61531A00CEBA25 /* SLVConfirmationCodeViewController.m */,
				C4A48DA71B61531A00CEBA25 /* SLVConfirmationCodeViewController.xib */,
			);
			name = Phone;
			sourceTree = "<group>";
		};
		C4A48DB11B61571000CEBA25 /* Networking */ = {
			isa = PBXGroup;
			children = (
				C4A48DAB1B61552F00CEBA25 /* SLVNetworking.h */,
				C4A48DAC1B61552F00CEBA25 /* SLVNetworking.m */,
				C4A48DB31B61575100CEBA25 /* TimeoutAFHTTPRequestSerializer.h */,
				C4A48DB41B61575100CEBA25 /* TimeoutAFHTTPRequestSerializer.m */,
				C4A07C941BA60261009C6288 /* Reachability.h */,
				C4A07C951BA60261009C6288 /* Reachability.m */,
			);
			name = Networking;
			sourceTree = "<group>";
		};
		C4A48DB21B61572800CEBA25 /* Template */ = {
			isa = PBXGroup;
			children = (
				C44225221B5BF5C900389210 /* SLVNavigationController.h */,
				C44225231B5BF5C900389210 /* SLVNavigationController.m */,
				C44225271B5BF5DB00389210 /* SLVViewController.h */,
				C44225281B5BF5DB00389210 /* SLVViewController.m */,
				C44225291B5BF5DB00389210 /* SLVViewController.xib */,
				C498E8301B64F1FE002B0A4E /* ParseErrorHandlingController.h */,
				C498E8311B64F1FE002B0A4E /* ParseErrorHandlingController.m */,
				C4A248921B8117ED004B9D43 /* SLVPopupViewController.h */,
				C4A248931B8117ED004B9D43 /* SLVPopupViewController.m */,
			);
			name = Template;
			sourceTree = "<group>";
		};
		C4A4DC761B6149290020BF3A /* Home */ = {
			isa = PBXGroup;
			children = (
				C4ED80461B780274005E84E4 /* Profile */,
				C4A48D981B6149EC00CEBA25 /* SLVHomeViewController.h */,
				C4A48D991B6149EC00CEBA25 /* SLVHomeViewController.m */,
				C4A48D9A1B6149EC00CEBA25 /* SLVHomeViewController.xib */,
				C44DCC951B682C11009BDAB2 /* SLVContactTableViewCell.h */,
				C44DCC961B682C11009BDAB2 /* SLVContactTableViewCell.m */,
				C44DCC971B682C11009BDAB2 /* SLVContactTableViewCell.xib */,
			);
			name = Home;
			sourceTree = "<group>";
		};
		C4C644661B9A4D6C0065B2BC /* Nunito */ = {
			isa = PBXGroup;
			children = (
				C4C644671B9A4D7F0065B2BC /* Nunito-Bold.ttf */,
				C4C644681B9A4D7F0065B2BC /* Nunito-Light.ttf */,
				C4C644691B9A4D7F0065B2BC /* Nunito-Regular.ttf */,
			);
			name = Nunito;
			sourceTree = "<group>";
		};
		C4C644711B9AF6EE0065B2BC /* Override */ = {
			isa = PBXGroup;
			children = (
				C4C644721B9AF72F0065B2BC /* SLVTextField.h */,
				C4C644731B9AF72F0065B2BC /* SLVTextField.m */,
				C44D553E1B9B3EB200763F0E /* SLVCodeField.h */,
				C44D553F1B9B3EB200763F0E /* SLVCodeField.m */,
			);
			name = Override;
			sourceTree = "<group>";
		};
		C4C927491B66AB9F000ABA7A /* Invite */ = {
			isa = PBXGroup;
			children = (
				C4C9274A1B66ABC4000ABA7A /* SLVFacebookInviteViewController.h */,
				C4C9274B1B66ABC4000ABA7A /* SLVFacebookInviteViewController.m */,
				C4C9274C1B66ABC4000ABA7A /* SLVFacebookInviteViewController.xib */,
			);
			name = Invite;
			sourceTree = "<group>";
		};
		C4E9C1001B9649550071C084 /* Sansita One */ = {
			isa = PBXGroup;
			children = (
				C4E9C1011B96496A0071C084 /* SansitaOne.ttf */,
			);
			name = "Sansita One";
			sourceTree = "<group>";
		};
		C4ED80461B780274005E84E4 /* Profile */ = {
			isa = PBXGroup;
			children = (
				C4ED80471B7802A6005E84E4 /* SLVProfileViewController.h */,
				C4ED80481B7802A6005E84E4 /* SLVProfileViewController.m */,
				C4ED80491B7802A6005E84E4 /* SLVProfileViewController.xib */,
			);
			name = Profile;
			sourceTree = "<group>";
		};
		C4F2CECA1B920FF2000AC390 /* Settings */ = {
			isa = PBXGroup;
			children = (
				C4F2CECB1B92101E000AC390 /* SLVSettingsViewController.h */,
				C4F2CECC1B92101E000AC390 /* SLVSettingsViewController.m */,
				C4F2CECD1B92101E000AC390 /* SLVSettingsViewController.xib */,
				C4F2CED11B92173A000AC390 /* SLVUpdateProfileViewController.h */,
				C4F2CED21B92173A000AC390 /* SLVUpdateProfileViewController.m */,
				C4F2CED31B92173A000AC390 /* SLVUpdateProfileViewController.xib */,
			);
			name = Settings;
			sourceTree = "<group>";
		};
		C4F8498D1B9E300E00E3C53D /* Activity */ = {
			isa = PBXGroup;
			children = (
				C4F8498E1B9E301F00E3C53D /* SLVActivityViewController.h */,
				C4F8498F1B9E301F00E3C53D /* SLVActivityViewController.m */,
				C4F849901B9E301F00E3C53D /* SLVActivityViewController.xib */,
			);
			name = Activity;
			sourceTree = "<group>";
		};
		C6B0BBE6B229A7F5CD217DA8 /* Pods */ = {
			isa = PBXGroup;
			children = (
				56E026E5988632AACB633B7D /* Pods-Slove.debug.xcconfig */,
				8E2687E97BE04A9CA518E4AB /* Pods-Slove.release.xcconfig */,
			);
			name = Pods;
			sourceTree = "<group>";
		};
/* End PBXGroup section */

/* Begin PBXNativeTarget section */
		C44224E21B5BE7D600389210 /* Slove */ = {
			isa = PBXNativeTarget;
			buildConfigurationList = C44225061B5BE7D600389210 /* Build configuration list for PBXNativeTarget "Slove" */;
			buildPhases = (
				F4534CEA64DB521C259C6F41 /* Check Pods Manifest.lock */,
				C44224DF1B5BE7D600389210 /* Sources */,
				C44224E01B5BE7D600389210 /* Frameworks */,
				C44224E11B5BE7D600389210 /* Resources */,
				48552365D878136005582CD4 /* Copy Pods Resources */,
			);
			buildRules = (
			);
			dependencies = (
			);
			name = Slove;
			productName = Slove;
			productReference = C44224E31B5BE7D600389210 /* Slove.app */;
			productType = "com.apple.product-type.application";
		};
		C44224FB1B5BE7D600389210 /* SloveTests */ = {
			isa = PBXNativeTarget;
			buildConfigurationList = C44225091B5BE7D600389210 /* Build configuration list for PBXNativeTarget "SloveTests" */;
			buildPhases = (
				C44224F81B5BE7D600389210 /* Sources */,
				C44224F91B5BE7D600389210 /* Frameworks */,
				C44224FA1B5BE7D600389210 /* Resources */,
			);
			buildRules = (
			);
			dependencies = (
				C44224FE1B5BE7D600389210 /* PBXTargetDependency */,
			);
			name = SloveTests;
			productName = SloveTests;
			productReference = C44224FC1B5BE7D600389210 /* SloveTests.xctest */;
			productType = "com.apple.product-type.bundle.unit-test";
		};
/* End PBXNativeTarget section */

/* Begin PBXProject section */
		C44224DB1B5BE7D600389210 /* Project object */ = {
			isa = PBXProject;
			attributes = {
				LastUpgradeCheck = 0640;
				ORGANIZATIONNAME = "Tulleb's Corp.";
				TargetAttributes = {
					C44224E21B5BE7D600389210 = {
						CreatedOnToolsVersion = 6.4;
						DevelopmentTeam = 9E43V6CC9L;
					};
					C44224FB1B5BE7D600389210 = {
						CreatedOnToolsVersion = 6.4;
						TestTargetID = C44224E21B5BE7D600389210;
					};
				};
			};
			buildConfigurationList = C44224DE1B5BE7D600389210 /* Build configuration list for PBXProject "Slove" */;
			compatibilityVersion = "Xcode 3.2";
			developmentRegion = English;
			hasScannedForEncodings = 0;
			knownRegions = (
				en,
				Base,
				fr,
				"pt-BR",
			);
			mainGroup = C44224DA1B5BE7D600389210;
			productRefGroup = C44224E41B5BE7D600389210 /* Products */;
			projectDirPath = "";
			projectRoot = "";
			targets = (
				C44224E21B5BE7D600389210 /* Slove */,
				C44224FB1B5BE7D600389210 /* SloveTests */,
			);
		};
/* End PBXProject section */

/* Begin PBXResourcesBuildPhase section */
		C44224E11B5BE7D600389210 /* Resources */ = {
			isa = PBXResourcesBuildPhase;
			buildActionMask = 2147483647;
			files = (
				C42C8E9A1B8888EF0079D734 /* Assets in Resources */,
				C46980601BAD7B6100F90477 /* illu_spashscreen@3x.png in Resources */,
				C4F2CECF1B92101E000AC390 /* SLVSettingsViewController.xib in Resources */,
				C498E83C1B64F2C8002B0A4E /* SLVLogInViewController.xib in Resources */,
				C4E9C0FB1B96494E0071C084 /* AveriaSansLibre-BoldItalic.ttf in Resources */,
				C4ED804B1B7802A6005E84E4 /* SLVProfileViewController.xib in Resources */,
				C4E9C0FD1B96494E0071C084 /* AveriaSansLibre-Light.ttf in Resources */,
				C44EB1A61B7D46CF001DC989 /* SLVSlovedPopupViewController.xib in Resources */,
				C4C6446B1B9A4D7F0065B2BC /* Nunito-Light.ttf in Resources */,
				C44224F71B5BE7D600389210 /* LaunchScreen.xib in Resources */,
				C4C6446C1B9A4D7F0065B2BC /* Nunito-Regular.ttf in Resources */,
				C4A48DA41B61519000CEBA25 /* SLVPhoneNumberViewController.xib in Resources */,
				C4E9C1021B96496A0071C084 /* SansitaOne.ttf in Resources */,
				C469805F1BAD7B6100F90477 /* illu_spashscreen@2x.png in Resources */,
				C4E9C0FE1B96494E0071C084 /* AveriaSansLibre-LightItalic.ttf in Resources */,
				C4E9C0FA1B96494E0071C084 /* AveriaSansLibre-Bold.ttf in Resources */,
				C4E9C0FC1B96494E0071C084 /* AveriaSansLibre-Italic.ttf in Resources */,
				C4197E381B9CE06000064507 /* SLVConstructionPopupViewController.xib in Resources */,
				C44224F41B5BE7D600389210 /* Images.xcassets in Resources */,
				C498E82F1B640F8E002B0A4E /* SLVRegisterViewController.xib in Resources */,
				C4C6446A1B9A4D7F0065B2BC /* Nunito-Bold.ttf in Resources */,
				C4A248901B81130A004B9D43 /* SLVInteractionPopupViewController.xib in Resources */,
				C49A82381B639DF60061BA1B /* SLVUsernameViewController.xib in Resources */,
				C4E9C0F31B9641730071C084 /* SLVSloveSentPopupViewController.xib in Resources */,
				C442252B1B5BF5DB00389210 /* SLVViewController.xib in Resources */,
				C44225311B5BF76100389210 /* SLVConnectionViewController.xib in Resources */,
				C4F2CED51B92173A000AC390 /* SLVUpdateProfileViewController.xib in Resources */,
				C469805E1BAD7B6100F90477 /* illu_spashscreen.png in Resources */,
				C4C9274E1B66ABC4000ABA7A /* SLVFacebookInviteViewController.xib in Resources */,
				C46E645C1B9FA4C00079A600 /* GoogleService-Info.plist in Resources */,
				C458F6FC1B6A320E0075B8EF /* Localizable.strings in Resources */,
				C4A48DA91B61531A00CEBA25 /* SLVConfirmationCodeViewController.xib in Resources */,
				C4E9C0FF1B96494E0071C084 /* AveriaSansLibre-Regular.ttf in Resources */,
				C44DCC991B682C11009BDAB2 /* SLVContactTableViewCell.xib in Resources */,
				C4F849921B9E301F00E3C53D /* SLVActivityViewController.xib in Resources */,
				C4A48D9C1B6149EC00CEBA25 /* SLVHomeViewController.xib in Resources */,
			);
			runOnlyForDeploymentPostprocessing = 0;
		};
		C44224FA1B5BE7D600389210 /* Resources */ = {
			isa = PBXResourcesBuildPhase;
			buildActionMask = 2147483647;
			files = (
			);
			runOnlyForDeploymentPostprocessing = 0;
		};
/* End PBXResourcesBuildPhase section */

/* Begin PBXShellScriptBuildPhase section */
		48552365D878136005582CD4 /* Copy Pods Resources */ = {
			isa = PBXShellScriptBuildPhase;
			buildActionMask = 2147483647;
			files = (
			);
			inputPaths = (
			);
			name = "Copy Pods Resources";
			outputPaths = (
			);
			runOnlyForDeploymentPostprocessing = 0;
			shellPath = /bin/sh;
			shellScript = "\"${SRCROOT}/Pods/Target Support Files/Pods-Slove/Pods-Slove-resources.sh\"\n";
			showEnvVarsInLog = 0;
		};
		F4534CEA64DB521C259C6F41 /* Check Pods Manifest.lock */ = {
			isa = PBXShellScriptBuildPhase;
			buildActionMask = 2147483647;
			files = (
			);
			inputPaths = (
			);
			name = "Check Pods Manifest.lock";
			outputPaths = (
			);
			runOnlyForDeploymentPostprocessing = 0;
			shellPath = /bin/sh;
			shellScript = "diff \"${PODS_ROOT}/../Podfile.lock\" \"${PODS_ROOT}/Manifest.lock\" > /dev/null\nif [[ $? != 0 ]] ; then\n    cat << EOM\nerror: The sandbox is not in sync with the Podfile.lock. Run 'pod install' or update your CocoaPods installation.\nEOM\n    exit 1\nfi\n";
			showEnvVarsInLog = 0;
		};
/* End PBXShellScriptBuildPhase section */

/* Begin PBXSourcesBuildPhase section */
		C44224DF1B5BE7D600389210 /* Sources */ = {
			isa = PBXSourcesBuildPhase;
			buildActionMask = 2147483647;
			files = (
				C4A2488F1B81130A004B9D43 /* SLVInteractionPopupViewController.m in Sources */,
				C4F849911B9E301F00E3C53D /* SLVActivityViewController.m in Sources */,
				C4A48DA81B61531A00CEBA25 /* SLVConfirmationCodeViewController.m in Sources */,
				C4C9274D1B66ABC4000ABA7A /* SLVFacebookInviteViewController.m in Sources */,
				C44DCC981B682C11009BDAB2 /* SLVContactTableViewCell.m in Sources */,
				C44224EC1B5BE7D600389210 /* AppDelegate.m in Sources */,
				C44225251B5BF5C900389210 /* SLVNavigationController.m in Sources */,
				C4A870B51B72C721000A5510 /* SLVFacebookFriend.m in Sources */,
				C4A248951B8117ED004B9D43 /* SLVPopupViewController.m in Sources */,
				C4197E371B9CE06000064507 /* SLVConstructionPopupViewController.m in Sources */,
				C4A48DAD1B61552F00CEBA25 /* SLVNetworking.m in Sources */,
				C442251D1B5BF12800389210 /* SLVTools.m in Sources */,
				C44225301B5BF76100389210 /* SLVConnectionViewController.m in Sources */,
				C49FA8BF1B6D4193009288B9 /* SLVAddressBookContact.m in Sources */,
				C4A48D9B1B6149EC00CEBA25 /* SLVHomeViewController.m in Sources */,
				C44DCC941B682086009BDAB2 /* SLVContact.m in Sources */,
				C46980631BADA52200F90477 /* UIView+Animation.m in Sources */,
				C49A82371B639DF60061BA1B /* SLVUsernameViewController.m in Sources */,
				C44225211B5BF20A00389210 /* NSString+Tools.m in Sources */,
				C4C644741B9AF72F0065B2BC /* SLVTextField.m in Sources */,
				C4A48DB51B61575100CEBA25 /* TimeoutAFHTTPRequestSerializer.m in Sources */,
				C4A48DA31B61519000CEBA25 /* SLVPhoneNumberViewController.m in Sources */,
				C4F2CED41B92173A000AC390 /* SLVUpdateProfileViewController.m in Sources */,
				C442252A1B5BF5DB00389210 /* SLVViewController.m in Sources */,
				C4F2CECE1B92101E000AC390 /* SLVSettingsViewController.m in Sources */,
				C498E83B1B64F2C8002B0A4E /* SLVLogInViewController.m in Sources */,
				C44224E91B5BE7D600389210 /* main.m in Sources */,
				C4A48D9F1B61505300CEBA25 /* SLVLogger.m in Sources */,
				C44EB1A51B7D46CF001DC989 /* SLVSlovedPopupViewController.m in Sources */,
				C4ED804A1B7802A6005E84E4 /* SLVProfileViewController.m in Sources */,
				C498E8321B64F1FE002B0A4E /* ParseErrorHandlingController.m in Sources */,
				C44D55401B9B3EB200763F0E /* SLVCodeField.m in Sources */,
				C4A48DBB1B62C73B00CEBA25 /* SLVRoute.m in Sources */,
				C4E9C0F21B9641730071C084 /* SLVSloveSentPopupViewController.m in Sources */,
				C498E82E1B640F8E002B0A4E /* SLVRegisterViewController.m in Sources */,
				C4A07C961BA60261009C6288 /* Reachability.m in Sources */,
				C49FA8C21B6EB1B6009288B9 /* SLVCountryCodeData.m in Sources */,
			);
			runOnlyForDeploymentPostprocessing = 0;
		};
		C44224F81B5BE7D600389210 /* Sources */ = {
			isa = PBXSourcesBuildPhase;
			buildActionMask = 2147483647;
			files = (
				C44225031B5BE7D600389210 /* SloveTests.m in Sources */,
			);
			runOnlyForDeploymentPostprocessing = 0;
		};
/* End PBXSourcesBuildPhase section */

/* Begin PBXTargetDependency section */
		C44224FE1B5BE7D600389210 /* PBXTargetDependency */ = {
			isa = PBXTargetDependency;
			target = C44224E21B5BE7D600389210 /* Slove */;
			targetProxy = C44224FD1B5BE7D600389210 /* PBXContainerItemProxy */;
		};
/* End PBXTargetDependency section */

/* Begin PBXVariantGroup section */
		C44224F51B5BE7D600389210 /* LaunchScreen.xib */ = {
			isa = PBXVariantGroup;
			children = (
				C44224F61B5BE7D600389210 /* Base */,
				C458F7041B6A62410075B8EF /* fr */,
				C458F7061B6A62630075B8EF /* pt-BR */,
			);
			name = LaunchScreen.xib;
			sourceTree = "<group>";
		};
		C458F6FE1B6A320E0075B8EF /* Localizable.strings */ = {
			isa = PBXVariantGroup;
			children = (
				C458F7031B6A32D40075B8EF /* Base */,
				C458F7051B6A62410075B8EF /* fr */,
				C458F7071B6A62630075B8EF /* pt-BR */,
			);
			name = Localizable.strings;
			sourceTree = "<group>";
		};
/* End PBXVariantGroup section */

/* Begin XCBuildConfiguration section */
		C44225041B5BE7D600389210 /* Debug */ = {
			isa = XCBuildConfiguration;
			buildSettings = {
				ALWAYS_SEARCH_USER_PATHS = NO;
				CLANG_CXX_LANGUAGE_STANDARD = "gnu++0x";
				CLANG_CXX_LIBRARY = "libc++";
				CLANG_ENABLE_MODULES = YES;
				CLANG_ENABLE_OBJC_ARC = YES;
				CLANG_WARN_BOOL_CONVERSION = YES;
				CLANG_WARN_CONSTANT_CONVERSION = YES;
				CLANG_WARN_DIRECT_OBJC_ISA_USAGE = YES_ERROR;
				CLANG_WARN_EMPTY_BODY = YES;
				CLANG_WARN_ENUM_CONVERSION = YES;
				CLANG_WARN_INT_CONVERSION = YES;
				CLANG_WARN_OBJC_ROOT_CLASS = YES_ERROR;
				CLANG_WARN_UNREACHABLE_CODE = YES;
				CLANG_WARN__DUPLICATE_METHOD_MATCH = YES;
				"CODE_SIGN_IDENTITY[sdk=iphoneos*]" = "iPhone Developer";
				COPY_PHASE_STRIP = NO;
				DEBUG_INFORMATION_FORMAT = "dwarf-with-dsym";
				ENABLE_STRICT_OBJC_MSGSEND = YES;
				GCC_C_LANGUAGE_STANDARD = gnu99;
				GCC_DYNAMIC_NO_PIC = NO;
				GCC_NO_COMMON_BLOCKS = YES;
				GCC_OPTIMIZATION_LEVEL = 0;
				GCC_PREPROCESSOR_DEFINITIONS = (
					"DEBUG=1",
					"$(inherited)",
				);
				GCC_SYMBOLS_PRIVATE_EXTERN = NO;
				GCC_WARN_64_TO_32_BIT_CONVERSION = YES;
				GCC_WARN_ABOUT_RETURN_TYPE = YES_ERROR;
				GCC_WARN_UNDECLARED_SELECTOR = YES;
				GCC_WARN_UNINITIALIZED_AUTOS = YES_AGGRESSIVE;
				GCC_WARN_UNUSED_FUNCTION = YES;
				GCC_WARN_UNUSED_VARIABLE = YES;
				IPHONEOS_DEPLOYMENT_TARGET = 8.4;
				MTL_ENABLE_DEBUG_INFO = YES;
				ONLY_ACTIVE_ARCH = YES;
				SDKROOT = iphoneos;
			};
			name = Debug;
		};
		C44225051B5BE7D600389210 /* Release */ = {
			isa = XCBuildConfiguration;
			buildSettings = {
				ALWAYS_SEARCH_USER_PATHS = NO;
				CLANG_CXX_LANGUAGE_STANDARD = "gnu++0x";
				CLANG_CXX_LIBRARY = "libc++";
				CLANG_ENABLE_MODULES = YES;
				CLANG_ENABLE_OBJC_ARC = YES;
				CLANG_WARN_BOOL_CONVERSION = YES;
				CLANG_WARN_CONSTANT_CONVERSION = YES;
				CLANG_WARN_DIRECT_OBJC_ISA_USAGE = YES_ERROR;
				CLANG_WARN_EMPTY_BODY = YES;
				CLANG_WARN_ENUM_CONVERSION = YES;
				CLANG_WARN_INT_CONVERSION = YES;
				CLANG_WARN_OBJC_ROOT_CLASS = YES_ERROR;
				CLANG_WARN_UNREACHABLE_CODE = YES;
				CLANG_WARN__DUPLICATE_METHOD_MATCH = YES;
				"CODE_SIGN_IDENTITY[sdk=iphoneos*]" = "iPhone Developer";
				COPY_PHASE_STRIP = NO;
				DEBUG_INFORMATION_FORMAT = "dwarf-with-dsym";
				ENABLE_NS_ASSERTIONS = NO;
				ENABLE_STRICT_OBJC_MSGSEND = YES;
				GCC_C_LANGUAGE_STANDARD = gnu99;
				GCC_NO_COMMON_BLOCKS = YES;
				GCC_WARN_64_TO_32_BIT_CONVERSION = YES;
				GCC_WARN_ABOUT_RETURN_TYPE = YES_ERROR;
				GCC_WARN_UNDECLARED_SELECTOR = YES;
				GCC_WARN_UNINITIALIZED_AUTOS = YES_AGGRESSIVE;
				GCC_WARN_UNUSED_FUNCTION = YES;
				GCC_WARN_UNUSED_VARIABLE = YES;
				IPHONEOS_DEPLOYMENT_TARGET = 8.4;
				MTL_ENABLE_DEBUG_INFO = NO;
				SDKROOT = iphoneos;
				VALIDATE_PRODUCT = YES;
			};
			name = Release;
		};
		C44225071B5BE7D600389210 /* Debug */ = {
			isa = XCBuildConfiguration;
			baseConfigurationReference = 56E026E5988632AACB633B7D /* Pods-Slove.debug.xcconfig */;
			buildSettings = {
				ASSETCATALOG_COMPILER_APPICON_NAME = AppIcon;
				ASSETCATALOG_COMPILER_LAUNCHIMAGE_NAME = LaunchImage;
				ENABLE_BITCODE = NO;
				GCC_PRECOMPILE_PREFIX_HEADER = YES;
				GCC_PREFIX_HEADER = Slove/SLVPrefixHeader.pch;
				INFOPLIST_FILE = Slove/Info.plist;
				IPHONEOS_DEPLOYMENT_TARGET = 7.0;
				LD_RUNPATH_SEARCH_PATHS = "$(inherited) @executable_path/Frameworks";
				PRODUCT_NAME = "$(TARGET_NAME)";
			};
			name = Debug;
		};
		C44225081B5BE7D600389210 /* Release */ = {
			isa = XCBuildConfiguration;
			baseConfigurationReference = 8E2687E97BE04A9CA518E4AB /* Pods-Slove.release.xcconfig */;
			buildSettings = {
				ASSETCATALOG_COMPILER_APPICON_NAME = AppIcon;
				ASSETCATALOG_COMPILER_LAUNCHIMAGE_NAME = LaunchImage;
				ENABLE_BITCODE = NO;
				GCC_PRECOMPILE_PREFIX_HEADER = YES;
				GCC_PREFIX_HEADER = Slove/SLVPrefixHeader.pch;
				INFOPLIST_FILE = Slove/Info.plist;
				IPHONEOS_DEPLOYMENT_TARGET = 7.0;
				LD_RUNPATH_SEARCH_PATHS = "$(inherited) @executable_path/Frameworks";
				PRODUCT_NAME = "$(TARGET_NAME)";
			};
			name = Release;
		};
		C442250A1B5BE7D600389210 /* Debug */ = {
			isa = XCBuildConfiguration;
			buildSettings = {
				BUNDLE_LOADER = "$(TEST_HOST)";
				FRAMEWORK_SEARCH_PATHS = (
					"$(SDKROOT)/Developer/Library/Frameworks",
					"$(inherited)",
				);
				GCC_PREPROCESSOR_DEFINITIONS = (
					"DEBUG=1",
					"$(inherited)",
				);
				INFOPLIST_FILE = SloveTests/Info.plist;
				LD_RUNPATH_SEARCH_PATHS = "$(inherited) @executable_path/Frameworks @loader_path/Frameworks";
				PRODUCT_NAME = "$(TARGET_NAME)";
				TEST_HOST = "$(BUILT_PRODUCTS_DIR)/Slove.app/Slove";
			};
			name = Debug;
		};
		C442250B1B5BE7D600389210 /* Release */ = {
			isa = XCBuildConfiguration;
			buildSettings = {
				BUNDLE_LOADER = "$(TEST_HOST)";
				FRAMEWORK_SEARCH_PATHS = (
					"$(SDKROOT)/Developer/Library/Frameworks",
					"$(inherited)",
				);
				INFOPLIST_FILE = SloveTests/Info.plist;
				LD_RUNPATH_SEARCH_PATHS = "$(inherited) @executable_path/Frameworks @loader_path/Frameworks";
				PRODUCT_NAME = "$(TARGET_NAME)";
				TEST_HOST = "$(BUILT_PRODUCTS_DIR)/Slove.app/Slove";
			};
			name = Release;
		};
/* End XCBuildConfiguration section */

/* Begin XCConfigurationList section */
		C44224DE1B5BE7D600389210 /* Build configuration list for PBXProject "Slove" */ = {
			isa = XCConfigurationList;
			buildConfigurations = (
				C44225041B5BE7D600389210 /* Debug */,
				C44225051B5BE7D600389210 /* Release */,
			);
			defaultConfigurationIsVisible = 0;
			defaultConfigurationName = Release;
		};
		C44225061B5BE7D600389210 /* Build configuration list for PBXNativeTarget "Slove" */ = {
			isa = XCConfigurationList;
			buildConfigurations = (
				C44225071B5BE7D600389210 /* Debug */,
				C44225081B5BE7D600389210 /* Release */,
			);
			defaultConfigurationIsVisible = 0;
			defaultConfigurationName = Release;
		};
		C44225091B5BE7D600389210 /* Build configuration list for PBXNativeTarget "SloveTests" */ = {
			isa = XCConfigurationList;
			buildConfigurations = (
				C442250A1B5BE7D600389210 /* Debug */,
				C442250B1B5BE7D600389210 /* Release */,
			);
			defaultConfigurationIsVisible = 0;
			defaultConfigurationName = Release;
		};
/* End XCConfigurationList section */
	};
	rootObject = C44224DB1B5BE7D600389210 /* Project object */;
}
